// !$*UTF8*$!
{
	archiveVersion = 1;
	classes = {
	};
	objectVersion = 46;
	objects = {

/* Begin PBXBuildFile section */
		569C062A1F44274C00185931 /* main.m in Sources */ = {isa = PBXBuildFile; fileRef = 569C06291F44274C00185931 /* main.m */; };
		569C062D1F44274C00185931 /* AppDelegate.m in Sources */ = {isa = PBXBuildFile; fileRef = 569C062C1F44274C00185931 /* AppDelegate.m */; };
		569C06301F44274C00185931 /* ViewController.m in Sources */ = {isa = PBXBuildFile; fileRef = 569C062F1F44274C00185931 /* ViewController.m */; };
		569C06331F44274C00185931 /* Main.storyboard in Resources */ = {isa = PBXBuildFile; fileRef = 569C06311F44274C00185931 /* Main.storyboard */; };
		569C06351F44274C00185931 /* Assets.xcassets in Resources */ = {isa = PBXBuildFile; fileRef = 569C06341F44274C00185931 /* Assets.xcassets */; };
		569C06381F44274C00185931 /* LaunchScreen.storyboard in Resources */ = {isa = PBXBuildFile; fileRef = 569C06361F44274C00185931 /* LaunchScreen.storyboard */; };
		569C06431F44274C00185931 /* Tool1_GetDeviceInfoTests.m in Sources */ = {isa = PBXBuildFile; fileRef = 569C06421F44274C00185931 /* Tool1_GetDeviceInfoTests.m */; };
		569C064E1F44274C00185931 /* Tool1_GetDeviceInfoUITests.m in Sources */ = {isa = PBXBuildFile; fileRef = 569C064D1F44274C00185931 /* Tool1_GetDeviceInfoUITests.m */; };
/* End PBXBuildFile section */

/* Begin PBXContainerItemProxy section */
		569C063F1F44274C00185931 /* PBXContainerItemProxy */ = {
			isa = PBXContainerItemProxy;
			containerPortal = 569C061D1F44274C00185931 /* Project object */;
			proxyType = 1;
			remoteGlobalIDString = 569C06241F44274C00185931;
			remoteInfo = "Tool1-GetDeviceInfo";
		};
		569C064A1F44274C00185931 /* PBXContainerItemProxy */ = {
			isa = PBXContainerItemProxy;
			containerPortal = 569C061D1F44274C00185931 /* Project object */;
			proxyType = 1;
			remoteGlobalIDString = 569C06241F44274C00185931;
			remoteInfo = "Tool1-GetDeviceInfo";
		};
/* End PBXContainerItemProxy section */

/* Begin PBXFileReference section */
		569C06251F44274C00185931 /* Tool1-GetDeviceInfo.app */ = {isa = PBXFileReference; explicitFileType = wrapper.application; includeInIndex = 0; path = "Tool1-GetDeviceInfo.app"; sourceTree = BUILT_PRODUCTS_DIR; };
		569C06291F44274C00185931 /* main.m */ = {isa = PBXFileReference; lastKnownFileType = sourcecode.c.objc; path = main.m; sourceTree = "<group>"; };
		569C062B1F44274C00185931 /* AppDelegate.h */ = {isa = PBXFileReference; lastKnownFileType = sourcecode.c.h; path = AppDelegate.h; sourceTree = "<group>"; };
		569C062C1F44274C00185931 /* AppDelegate.m */ = {isa = PBXFileReference; lastKnownFileType = sourcecode.c.objc; path = AppDelegate.m; sourceTree = "<group>"; };
		569C062E1F44274C00185931 /* ViewController.h */ = {isa = PBXFileReference; lastKnownFileType = sourcecode.c.h; path = ViewController.h; sourceTree = "<group>"; };
		569C062F1F44274C00185931 /* ViewController.m */ = {isa = PBXFileReference; lastKnownFileType = sourcecode.c.objc; path = ViewController.m; sourceTree = "<group>"; };
		569C06321F44274C00185931 /* Base */ = {isa = PBXFileReference; lastKnownFileType = file.storyboard; name = Base; path = Base.lproj/Main.storyboard; sourceTree = "<group>"; };
		569C06341F44274C00185931 /* Assets.xcassets */ = {isa = PBXFileReference; lastKnownFileType = folder.assetcatalog; path = Assets.xcassets; sourceTree = "<group>"; };
		569C06371F44274C00185931 /* Base */ = {isa = PBXFileReference; lastKnownFileType = file.storyboard; name = Base; path = Base.lproj/LaunchScreen.storyboard; sourceTree = "<group>"; };
		569C06391F44274C00185931 /* Info.plist */ = {isa = PBXFileReference; lastKnownFileType = text.plist.xml; path = Info.plist; sourceTree = "<group>"; };
		569C063E1F44274C00185931 /* Tool1-GetDeviceInfoTests.xctest */ = {isa = PBXFileReference; explicitFileType = wrapper.cfbundle; includeInIndex = 0; path = "Tool1-GetDeviceInfoTests.xctest"; sourceTree = BUILT_PRODUCTS_DIR; };
		569C06421F44274C00185931 /* Tool1_GetDeviceInfoTests.m */ = {isa = PBXFileReference; lastKnownFileType = sourcecode.c.objc; path = Tool1_GetDeviceInfoTests.m; sourceTree = "<group>"; };
		569C06441F44274C00185931 /* Info.plist */ = {isa = PBXFileReference; lastKnownFileType = text.plist.xml; path = Info.plist; sourceTree = "<group>"; };
		569C06491F44274C00185931 /* Tool1-GetDeviceInfoUITests.xctest */ = {isa = PBXFileReference; explicitFileType = wrapper.cfbundle; includeInIndex = 0; path = "Tool1-GetDeviceInfoUITests.xctest"; sourceTree = BUILT_PRODUCTS_DIR; };
		569C064D1F44274C00185931 /* Tool1_GetDeviceInfoUITests.m */ = {isa = PBXFileReference; lastKnownFileType = sourcecode.c.objc; path = Tool1_GetDeviceInfoUITests.m; sourceTree = "<group>"; };
		569C064F1F44274C00185931 /* Info.plist */ = {isa = PBXFileReference; lastKnownFileType = text.plist.xml; path = Info.plist; sourceTree = "<group>"; };
/* End PBXFileReference section */

/* Begin PBXFrameworksBuildPhase section */
		569C06221F44274C00185931 /* Frameworks */ = {
			isa = PBXFrameworksBuildPhase;
			buildActionMask = 2147483647;
			files = (
			);
			runOnlyForDeploymentPostprocessing = 0;
		};
		569C063B1F44274C00185931 /* Frameworks */ = {
			isa = PBXFrameworksBuildPhase;
			buildActionMask = 2147483647;
			files = (
			);
			runOnlyForDeploymentPostprocessing = 0;
		};
		569C06461F44274C00185931 /* Frameworks */ = {
			isa = PBXFrameworksBuildPhase;
			buildActionMask = 2147483647;
			files = (
			);
			runOnlyForDeploymentPostprocessing = 0;
		};
/* End PBXFrameworksBuildPhase section */

/* Begin PBXGroup section */
		569C061C1F44274C00185931 = {
			isa = PBXGroup;
			children = (
				569C06271F44274C00185931 /* Tool1-GetDeviceInfo */,
				569C06411F44274C00185931 /* Tool1-GetDeviceInfoTests */,
				569C064C1F44274C00185931 /* Tool1-GetDeviceInfoUITests */,
				569C06261F44274C00185931 /* Products */,
			);
			sourceTree = "<group>";
		};
		569C06261F44274C00185931 /* Products */ = {
			isa = PBXGroup;
			children = (
				569C06251F44274C00185931 /* Tool1-GetDeviceInfo.app */,
				569C063E1F44274C00185931 /* Tool1-GetDeviceInfoTests.xctest */,
				569C06491F44274C00185931 /* Tool1-GetDeviceInfoUITests.xctest */,
			);
			name = Products;
			sourceTree = "<group>";
		};
		569C06271F44274C00185931 /* Tool1-GetDeviceInfo */ = {
			isa = PBXGroup;
			children = (
				569C062B1F44274C00185931 /* AppDelegate.h */,
				569C062C1F44274C00185931 /* AppDelegate.m */,
				569C062E1F44274C00185931 /* ViewController.h */,
				569C062F1F44274C00185931 /* ViewController.m */,
				569C06311F44274C00185931 /* Main.storyboard */,
				569C06341F44274C00185931 /* Assets.xcassets */,
				569C06361F44274C00185931 /* LaunchScreen.storyboard */,
				569C06391F44274C00185931 /* Info.plist */,
				569C06281F44274C00185931 /* Supporting Files */,
			);
			path = "Tool1-GetDeviceInfo";
			sourceTree = "<group>";
		};
		569C06281F44274C00185931 /* Supporting Files */ = {
			isa = PBXGroup;
			children = (
				569C06291F44274C00185931 /* main.m */,
			);
			name = "Supporting Files";
			sourceTree = "<group>";
		};
		569C06411F44274C00185931 /* Tool1-GetDeviceInfoTests */ = {
			isa = PBXGroup;
			children = (
				569C06421F44274C00185931 /* Tool1_GetDeviceInfoTests.m */,
				569C06441F44274C00185931 /* Info.plist */,
			);
			path = "Tool1-GetDeviceInfoTests";
			sourceTree = "<group>";
		};
		569C064C1F44274C00185931 /* Tool1-GetDeviceInfoUITests */ = {
			isa = PBXGroup;
			children = (
				569C064D1F44274C00185931 /* Tool1_GetDeviceInfoUITests.m */,
				569C064F1F44274C00185931 /* Info.plist */,
			);
			path = "Tool1-GetDeviceInfoUITests";
			sourceTree = "<group>";
		};
/* End PBXGroup section */

/* Begin PBXNativeTarget section */
		569C06241F44274C00185931 /* Tool1-GetDeviceInfo */ = {
			isa = PBXNativeTarget;
			buildConfigurationList = 569C06521F44274C00185931 /* Build configuration list for PBXNativeTarget "Tool1-GetDeviceInfo" */;
			buildPhases = (
				569C06211F44274C00185931 /* Sources */,
				569C06221F44274C00185931 /* Frameworks */,
				569C06231F44274C00185931 /* Resources */,
			);
			buildRules = (
			);
			dependencies = (
			);
			name = "Tool1-GetDeviceInfo";
			productName = "Tool1-GetDeviceInfo";
			productReference = 569C06251F44274C00185931 /* Tool1-GetDeviceInfo.app */;
			productType = "com.apple.product-type.application";
		};
		569C063D1F44274C00185931 /* Tool1-GetDeviceInfoTests */ = {
			isa = PBXNativeTarget;
			buildConfigurationList = 569C06551F44274C00185931 /* Build configuration list for PBXNativeTarget "Tool1-GetDeviceInfoTests" */;
			buildPhases = (
				569C063A1F44274C00185931 /* Sources */,
				569C063B1F44274C00185931 /* Frameworks */,
				569C063C1F44274C00185931 /* Resources */,
			);
			buildRules = (
			);
			dependencies = (
				569C06401F44274C00185931 /* PBXTargetDependency */,
			);
			name = "Tool1-GetDeviceInfoTests";
			productName = "Tool1-GetDeviceInfoTests";
			productReference = 569C063E1F44274C00185931 /* Tool1-GetDeviceInfoTests.xctest */;
			productType = "com.apple.product-type.bundle.unit-test";
		};
		569C06481F44274C00185931 /* Tool1-GetDeviceInfoUITests */ = {
			isa = PBXNativeTarget;
			buildConfigurationList = 569C06581F44274C00185931 /* Build configuration list for PBXNativeTarget "Tool1-GetDeviceInfoUITests" */;
			buildPhases = (
				569C06451F44274C00185931 /* Sources */,
				569C06461F44274C00185931 /* Frameworks */,
				569C06471F44274C00185931 /* Resources */,
			);
			buildRules = (
			);
			dependencies = (
				569C064B1F44274C00185931 /* PBXTargetDependency */,
			);
			name = "Tool1-GetDeviceInfoUITests";
			productName = "Tool1-GetDeviceInfoUITests";
			productReference = 569C06491F44274C00185931 /* Tool1-GetDeviceInfoUITests.xctest */;
			productType = "com.apple.product-type.bundle.ui-testing";
		};
/* End PBXNativeTarget section */

/* Begin PBXProject section */
		569C061D1F44274C00185931 /* Project object */ = {
			isa = PBXProject;
			attributes = {
				LastUpgradeCheck = 0830;
				ORGANIZATIONNAME = zidong;
				TargetAttributes = {
					569C06241F44274C00185931 = {
						CreatedOnToolsVersion = 8.3.2;
						DevelopmentTeam = B7QX9LL49R;
						ProvisioningStyle = Automatic;
					};
					569C063D1F44274C00185931 = {
						CreatedOnToolsVersion = 8.3.2;
						DevelopmentTeam = B7QX9LL49R;
						ProvisioningStyle = Automatic;
						TestTargetID = 569C06241F44274C00185931;
					};
					569C06481F44274C00185931 = {
						CreatedOnToolsVersion = 8.3.2;
						DevelopmentTeam = B7QX9LL49R;
						ProvisioningStyle = Automatic;
						TestTargetID = 569C06241F44274C00185931;
					};
				};
			};
			buildConfigurationList = 569C06201F44274C00185931 /* Build configuration list for PBXProject "Tool1-GetDeviceInfo" */;
			compatibilityVersion = "Xcode 3.2";
			developmentRegion = English;
			hasScannedForEncodings = 0;
			knownRegions = (
				en,
				Base,
			);
			mainGroup = 569C061C1F44274C00185931;
			productRefGroup = 569C06261F44274C00185931 /* Products */;
			projectDirPath = "";
			projectRoot = "";
			targets = (
				569C06241F44274C00185931 /* Tool1-GetDeviceInfo */,
				569C063D1F44274C00185931 /* Tool1-GetDeviceInfoTests */,
				569C06481F44274C00185931 /* Tool1-GetDeviceInfoUITests */,
			);
		};
/* End PBXProject section */

/* Begin PBXResourcesBuildPhase section */
		569C06231F44274C00185931 /* Resources */ = {
			isa = PBXResourcesBuildPhase;
			buildActionMask = 2147483647;
			files = (
				569C06381F44274C00185931 /* LaunchScreen.storyboard in Resources */,
				569C06351F44274C00185931 /* Assets.xcassets in Resources */,
				569C06331F44274C00185931 /* Main.storyboard in Resources */,
			);
			runOnlyForDeploymentPostprocessing = 0;
		};
		569C063C1F44274C00185931 /* Resources */ = {
			isa = PBXResourcesBuildPhase;
			buildActionMask = 2147483647;
			files = (
			);
			runOnlyForDeploymentPostprocessing = 0;
		};
		569C06471F44274C00185931 /* Resources */ = {
			isa = PBXResourcesBuildPhase;
			buildActionMask = 2147483647;
			files = (
			);
			runOnlyForDeploymentPostprocessing = 0;
		};
/* End PBXResourcesBuildPhase section */

/* Begin PBXSourcesBuildPhase section */
		569C06211F44274C00185931 /* Sources */ = {
			isa = PBXSourcesBuildPhase;
			buildActionMask = 2147483647;
			files = (
				569C06301F44274C00185931 /* ViewController.m in Sources */,
				569C062D1F44274C00185931 /* AppDelegate.m in Sources */,
				569C062A1F44274C00185931 /* main.m in Sources */,
			);
			runOnlyForDeploymentPostprocessing = 0;
		};
		569C063A1F44274C00185931 /* Sources */ = {
			isa = PBXSourcesBuildPhase;
			buildActionMask = 2147483647;
			files = (
				569C06431F44274C00185931 /* Tool1_GetDeviceInfoTests.m in Sources */,
			);
			runOnlyForDeploymentPostprocessing = 0;
		};
		569C06451F44274C00185931 /* Sources */ = {
			isa = PBXSourcesBuildPhase;
			buildActionMask = 2147483647;
			files = (
				569C064E1F44274C00185931 /* Tool1_GetDeviceInfoUITests.m in Sources */,
			);
			runOnlyForDeploymentPostprocessing = 0;
		};
/* End PBXSourcesBuildPhase section */

/* Begin PBXTargetDependency section */
		569C06401F44274C00185931 /* PBXTargetDependency */ = {
			isa = PBXTargetDependency;
			target = 569C06241F44274C00185931 /* Tool1-GetDeviceInfo */;
			targetProxy = 569C063F1F44274C00185931 /* PBXContainerItemProxy */;
		};
		569C064B1F44274C00185931 /* PBXTargetDependency */ = {
			isa = PBXTargetDependency;
			target = 569C06241F44274C00185931 /* Tool1-GetDeviceInfo */;
			targetProxy = 569C064A1F44274C00185931 /* PBXContainerItemProxy */;
		};
/* End PBXTargetDependency section */

/* Begin PBXVariantGroup section */
		569C06311F44274C00185931 /* Main.storyboard */ = {
			isa = PBXVariantGroup;
			children = (
				569C06321F44274C00185931 /* Base */,
			);
			name = Main.storyboard;
			sourceTree = "<group>";
		};
		569C06361F44274C00185931 /* LaunchScreen.storyboard */ = {
			isa = PBXVariantGroup;
			children = (
				569C06371F44274C00185931 /* Base */,
			);
			name = LaunchScreen.storyboard;
			sourceTree = "<group>";
		};
/* End PBXVariantGroup section */

/* Begin XCBuildConfiguration section */
		569C06501F44274C00185931 /* Debug */ = {
			isa = XCBuildConfiguration;
			buildSettings = {
				ALWAYS_SEARCH_USER_PATHS = NO;
				CLANG_ANALYZER_NONNULL = YES;
				CLANG_ANALYZER_NUMBER_OBJECT_CONVERSION = YES_AGGRESSIVE;
				CLANG_CXX_LANGUAGE_STANDARD = "gnu++0x";
				CLANG_CXX_LIBRARY = "libc++";
				CLANG_ENABLE_MODULES = YES;
				CLANG_ENABLE_OBJC_ARC = YES;
				CLANG_WARN_BOOL_CONVERSION = YES;
				CLANG_WARN_CONSTANT_CONVERSION = YES;
				CLANG_WARN_DIRECT_OBJC_ISA_USAGE = YES_ERROR;
				CLANG_WARN_DOCUMENTATION_COMMENTS = YES;
				CLANG_WARN_EMPTY_BODY = YES;
				CLANG_WARN_ENUM_CONVERSION = YES;
				CLANG_WARN_INFINITE_RECURSION = YES;
				CLANG_WARN_INT_CONVERSION = YES;
				CLANG_WARN_OBJC_ROOT_CLASS = YES_ERROR;
				CLANG_WARN_SUSPICIOUS_MOVE = YES;
				CLANG_WARN_UNREACHABLE_CODE = YES;
				CLANG_WARN__DUPLICATE_METHOD_MATCH = YES;
				"CODE_SIGN_IDENTITY[sdk=iphoneos*]" = "iPhone Developer";
				COPY_PHASE_STRIP = NO;
				DEBUG_INFORMATION_FORMAT = dwarf;
				ENABLE_STRICT_OBJC_MSGSEND = YES;
				ENABLE_TESTABILITY = YES;
				GCC_C_LANGUAGE_STANDARD = gnu99;
				GCC_DYNAMIC_NO_PIC = NO;
				GCC_NO_COMMON_BLOCKS = YES;
				GCC_OPTIMIZATION_LEVEL = 0;
				GCC_PREPROCESSOR_DEFINITIONS = (
					"DEBUG=1",
					"$(inherited)",
				);
				GCC_WARN_64_TO_32_BIT_CONVERSION = YES;
				GCC_WARN_ABOUT_RETURN_TYPE = YES_ERROR;
				GCC_WARN_UNDECLARED_SELECTOR = YES;
				GCC_WARN_UNINITIALIZED_AUTOS = YES_AGGRESSIVE;
				GCC_WARN_UNUSED_FUNCTION = YES;
				GCC_WARN_UNUSED_VARIABLE = YES;
				IPHONEOS_DEPLOYMENT_TARGET = 10.3;
				MTL_ENABLE_DEBUG_INFO = YES;
				ONLY_ACTIVE_ARCH = YES;
				SDKROOT = iphoneos;
				TARGETED_DEVICE_FAMILY = "1,2";
			};
			name = Debug;
		};
		569C06511F44274C00185931 /* Release */ = {
			isa = XCBuildConfiguration;
			buildSettings = {
				ALWAYS_SEARCH_USER_PATHS = NO;
				CLANG_ANALYZER_NONNULL = YES;
				CLANG_ANALYZER_NUMBER_OBJECT_CONVERSION = YES_AGGRESSIVE;
				CLANG_CXX_LANGUAGE_STANDARD = "gnu++0x";
				CLANG_CXX_LIBRARY = "libc++";
				CLANG_ENABLE_MODULES = YES;
				CLANG_ENABLE_OBJC_ARC = YES;
				CLANG_WARN_BOOL_CONVERSION = YES;
				CLANG_WARN_CONSTANT_CONVERSION = YES;
				CLANG_WARN_DIRECT_OBJC_ISA_USAGE = YES_ERROR;
				CLANG_WARN_DOCUMENTATION_COMMENTS = YES;
				CLANG_WARN_EMPTY_BODY = YES;
				CLANG_WARN_ENUM_CONVERSION = YES;
				CLANG_WARN_INFINITE_RECURSION = YES;
				CLANG_WARN_INT_CONVERSION = YES;
				CLANG_WARN_OBJC_ROOT_CLASS = YES_ERROR;
				CLANG_WARN_SUSPICIOUS_MOVE = YES;
				CLANG_WARN_UNREACHABLE_CODE = YES;
				CLANG_WARN__DUPLICATE_METHOD_MATCH = YES;
				"CODE_SIGN_IDENTITY[sdk=iphoneos*]" = "iPhone Developer";
				COPY_PHASE_STRIP = NO;
				DEBUG_INFORMATION_FORMAT = "dwarf-with-dsym";
				ENABLE_NS_ASSERTIONS = NO;
				ENABLE_STRICT_OBJC_MSGSEND = YES;
				GCC_C_LANGUAGE_STANDARD = gnu99;
				GCC_NO_COMMON_BLOCKS = YES;
				GCC_WARN_64_TO_32_BIT_CONVERSION = YES;
				GCC_WARN_ABOUT_RETURN_TYPE = YES_ERROR;
				GCC_WARN_UNDECLARED_SELECTOR = YES;
				GCC_WARN_UNINITIALIZED_AUTOS = YES_AGGRESSIVE;
				GCC_WARN_UNUSED_FUNCTION = YES;
				GCC_WARN_UNUSED_VARIABLE = YES;
				IPHONEOS_DEPLOYMENT_TARGET = 10.3;
				MTL_ENABLE_DEBUG_INFO = NO;
				SDKROOT = iphoneos;
				TARGETED_DEVICE_FAMILY = "1,2";
				VALIDATE_PRODUCT = YES;
			};
			name = Release;
		};
		569C06531F44274C00185931 /* Debug */ = {
			isa = XCBuildConfiguration;
			buildSettings = {
				ASSETCATALOG_COMPILER_APPICON_NAME = AppIcon;
				DEVELOPMENT_TEAM = B7QX9LL49R;
				INFOPLIST_FILE = "Tool1-GetDeviceInfo/Info.plist";
				LD_RUNPATH_SEARCH_PATHS = "$(inherited) @executable_path/Frameworks";
				PRODUCT_BUNDLE_IDENTIFIER = "zidong.Tool1-GetDeviceInfo";
				PRODUCT_NAME = "$(TARGET_NAME)";
			};
			name = Debug;
		};
		569C06541F44274C00185931 /* Release */ = {
			isa = XCBuildConfiguration;
			buildSettings = {
				ASSETCATALOG_COMPILER_APPICON_NAME = AppIcon;
				DEVELOPMENT_TEAM = B7QX9LL49R;
				INFOPLIST_FILE = "Tool1-GetDeviceInfo/Info.plist";
				LD_RUNPATH_SEARCH_PATHS = "$(inherited) @executable_path/Frameworks";
				PRODUCT_BUNDLE_IDENTIFIER = "zidong.Tool1-GetDeviceInfo";
				PRODUCT_NAME = "$(TARGET_NAME)";
			};
			name = Release;
		};
		569C06561F44274C00185931 /* Debug */ = {
			isa = XCBuildConfiguration;
			buildSettings = {
				BUNDLE_LOADER = "$(TEST_HOST)";
				DEVELOPMENT_TEAM = B7QX9LL49R;
				INFOPLIST_FILE = "Tool1-GetDeviceInfoTests/Info.plist";
				LD_RUNPATH_SEARCH_PATHS = "$(inherited) @executable_path/Frameworks @loader_path/Frameworks";
				PRODUCT_BUNDLE_IDENTIFIER = "zidong.Tool1-GetDeviceInfoTests";
				PRODUCT_NAME = "$(TARGET_NAME)";
				TEST_HOST = "$(BUILT_PRODUCTS_DIR)/Tool1-GetDeviceInfo.app/Tool1-GetDeviceInfo";
			};
			name = Debug;
		};
		569C06571F44274C00185931 /* Release */ = {
			isa = XCBuildConfiguration;
			buildSettings = {
				BUNDLE_LOADER = "$(TEST_HOST)";
				DEVELOPMENT_TEAM = B7QX9LL49R;
				INFOPLIST_FILE = "Tool1-GetDeviceInfoTests/Info.plist";
				LD_RUNPATH_SEARCH_PATHS = "$(inherited) @executable_path/Frameworks @loader_path/Frameworks";
				PRODUCT_BUNDLE_IDENTIFIER = "zidong.Tool1-GetDeviceInfoTests";
				PRODUCT_NAME = "$(TARGET_NAME)";
				TEST_HOST = "$(BUILT_PRODUCTS_DIR)/Tool1-GetDeviceInfo.app/Tool1-GetDeviceInfo";
			};
			name = Release;
		};
		569C06591F44274C00185931 /* Debug */ = {
			isa = XCBuildConfiguration;
			buildSettings = {
				DEVELOPMENT_TEAM = B7QX9LL49R;
				INFOPLIST_FILE = "Tool1-GetDeviceInfoUITests/Info.plist";
				LD_RUNPATH_SEARCH_PATHS = "$(inherited) @executable_path/Frameworks @loader_path/Frameworks";
				PRODUCT_BUNDLE_IDENTIFIER = "zidong.Tool1-GetDeviceInfoUITests";
				PRODUCT_NAME = "$(TARGET_NAME)";
				TEST_TARGET_NAME = "Tool1-GetDeviceInfo";
			};
			name = Debug;
		};
		569C065A1F44274C00185931 /* Release */ = {
			isa = XCBuildConfiguration;
			buildSettings = {
				DEVELOPMENT_TEAM = B7QX9LL49R;
				INFOPLIST_FILE = "Tool1-GetDeviceInfoUITests/Info.plist";
				LD_RUNPATH_SEARCH_PATHS = "$(inherited) @executable_path/Frameworks @loader_path/Frameworks";
				PRODUCT_BUNDLE_IDENTIFIER = "zidong.Tool1-GetDeviceInfoUITests";
				PRODUCT_NAME = "$(TARGET_NAME)";
				TEST_TARGET_NAME = "Tool1-GetDeviceInfo";
			};
			name = Release;
		};
/* End XCBuildConfiguration section */

/* Begin XCConfigurationList section */
		569C06201F44274C00185931 /* Build configuration list for PBXProject "Tool1-GetDeviceInfo" */ = {
			isa = XCConfigurationList;
			buildConfigurations = (
				569C06501F44274C00185931 /* Debug */,
				569C06511F44274C00185931 /* Release */,
			);
			defaultConfigurationIsVisible = 0;
			defaultConfigurationName = Release;
		};
		569C06521F44274C00185931 /* Build configuration list for PBXNativeTarget "Tool1-GetDeviceInfo" */ = {
			isa = XCConfigurationList;
			buildConfigurations = (
				569C06531F44274C00185931 /* Debug */,
				569C06541F44274C00185931 /* Release */,
			);
			defaultConfigurationIsVisible = 0;
		};
		569C06551F44274C00185931 /* Build configuration list for PBXNativeTarget "Tool1-GetDeviceInfoTests" */ = {
			isa = XCConfigurationList;
			buildConfigurations = (
				569C06561F44274C00185931 /* Debug */,
				569C06571F44274C00185931 /* Release */,
			);
			defaultConfigurationIsVisible = 0;
		};
		569C06581F44274C00185931 /* Build configuration list for PBXNativeTarget "Tool1-GetDeviceInfoUITests" */ = {
			isa = XCConfigurationList;
			buildConfigurations = (
				569C06591F44274C00185931 /* Debug */,
				569C065A1F44274C00185931 /* Release */,
			);
			defaultConfigurationIsVisible = 0;
		};
/* End XCConfigurationList section */
	};
	rootObject = 569C061D1F44274C00185931 /* Project object */;
}
